
Microsoft Visual Studio Solution File, Format Version 12.00
# Visual Studio Version 16
VisualStudioVersion = 16.0.32228.343
MinimumVisualStudioVersion = 10.0.40219.1
Project("{FAE04EC0-301F-11D3-BF4B-00C04F79EFBC}") = "PruebaTecnica", "PruebaTecnica\PruebaTecnica.csproj", "{A7105EFB-ECE2-41E1-ABB1-62EBF2E181A4}"
EndProject
Project("{FAE04EC0-301F-11D3-BF4B-00C04F79EFBC}") = "WebApp", "WebApp\WebApp.csproj", "{165B3CD5-F195-4B5C-A4E3-C3A7387CE1F0}"
	ProjectSection(ProjectDependencies) = postProject
		{A7105EFB-ECE2-41E1-ABB1-62EBF2E181A4} = {A7105EFB-ECE2-41E1-ABB1-62EBF2E181A4}
	EndProjectSection
EndProject
Global
	GlobalSection(SolutionConfigurationPlatforms) = preSolution
		Debug|Any CPU = Debug|Any CPU
		Release|Any CPU = Release|Any CPU
	EndGlobalSection
	GlobalSection(ProjectConfigurationPlatforms) = postSolution
		{A7105EFB-ECE2-41E1-ABB1-62EBF2E181A4}.Debug|Any CPU.ActiveCfg = Debug|Any CPU
		{A7105EFB-ECE2-41E1-ABB1-62EBF2E181A4}.Debug|Any CPU.Build.0 = Debug|Any CPU
		{A7105EFB-ECE2-41E1-ABB1-62EBF2E181A4}.Release|Any CPU.ActiveCfg = Release|Any CPU
		{A7105EFB-ECE2-41E1-ABB1-62EBF2E181A4}.Release|Any CPU.Build.0 = Release|Any CPU
		{165B3CD5-F195-4B5C-A4E3-C3A7387CE1F0}.Debug|Any CPU.ActiveCfg = Debug|Any CPU
		{165B3CD5-F195-4B5C-A4E3-C3A7387CE1F0}.Debug|Any CPU.Build.0 = Debug|Any CPU
		{165B3CD5-F195-4B5C-A4E3-C3A7387CE1F0}.Release|Any CPU.ActiveCfg = Release|Any CPU
		{165B3CD5-F195-4B5C-A4E3-C3A7387CE1F0}.Release|Any CPU.Build.0 = Release|Any CPU
	EndGlobalSection
	GlobalSection(SolutionProperties) = preSolution
		HideSolutionNode = FALSE
	EndGlobalSection
	GlobalSection(ExtensibilityGlobals) = postSolution
		SolutionGuid = {098F4C94-3E47-4FFA-A4E3-92ED910FC793}
	EndGlobalSection
EndGlobal
